github.com/golang/glog v1.2.5 h1:DrW6hGnjIhtvhOIiAKT6Psh/Kd/ldepEa81DKeiRJ5I=
github.com/golang/glog v1.2.5/go.mod h1:6AhwSGph0fcJtXVM/PEHPqZlFeoLxhs7/t5UDAwmO+w=
github.com/google/differential-privacy/go/v4 v4.1.0 h1:h10uUNSkyFjY+tGSMgnWm71B5bPkVrBos8D/qVelnVY=
github.com/google/differential-privacy/go/v4 v4.1.0/go.mod h1:8ETs6l3kKCa79NWenLTSWKSfN8jUkW6o25IfNSvA2iI=
github.com/google/go-cmp v0.7.0 h1:wk8382ETsv4JYUZwIsn6YpYiWiBsYLSJiTsyBybVuN8=
github.com/google/go-cmp v0.7.0/go.mod h1:pXiqmnSA92OHEEa9HXL2W4E7lf9JzCmGVUdgjX3N/iU=
github.com/markkurossi/crypto v0.0.0-20240520115340-daed3f9a1082 h1:9lj+7BEGrRT+7iylAqu0hY50nHQk3+LUL2g0eWDqAuw=
github.com/markkurossi/crypto v0.0.0-20240520115340-daed3f9a1082/go.mod h1:+mhV8wp86RN6GgVyETgAd6oY+D3xLNESWKty2fGNg5U=
github.com/markkurossi/mpc v0.0.0-20260325113446-c911bbd029d1 h1:xrsSmhu1o6lXsBB1IIPAHTTTC40Cwmok+vEpBfbB/LU=
github.com/markkurossi/mpc v0.0.0-20260325113446-c911bbd029d1/go.mod h1:hYbH/4kxe34tl5glyVxnAZ8VObts5sib+Yx8OH+A3+4=
github.com/markkurossi/tabulate v0.0.0-20251126123558-a08056f6160f h1:u5MRsdjmedlD5iDJzIzPICOhdD2hs9rQKixfuZf6jqY=
github.com/markkurossi/tabulate v0.0.0-20251126123558-a08056f6160f/go.mod h1:Jol1zHueCHE+CSGXfTFoSGftCpxVkFZSkAQkZP2LFrU=
golang.org/x/crypto v0.50.0 h1:zO47/JPrL6vsNkINmLoo/PH1gcxpls50DNogFvB5ZGI=
golang.org/x/crypto v0.50.0/go.mod h1:3muZ7vA7PBCE6xgPX7nkzzjiUq87kRItoJQM1Yo8S+Q=
golang.org/x/text v0.36.0 h1:JfKh3XmcRPqZPKevfXVpI1wXPTqbkE5f7JA92a55Yxg=
golang.org/x/text v0.36.0/go.mod h1:NIdBknypM8iqVmPiuco0Dh6P5Jcdk8lJL0CUebqK164=
gonum.org/v1/gonum v0.16.0 h1:5+ul4Swaf3ESvrOnidPp4GZbzf0mxVQpDCYUQE7OJfk=
gonum.org/v1/gonum v0.16.0/go.mod h1:fef3am4MQ93R2HHpKnLk4/Tbh/s0+wqD5nfa6Pnwy4E=
